# This file is automatically @generated by Cargo.
# It is not intended for manual editing.
version = 3

[[package]]
name = "neco-decor"
version = "0.2.0"
dependencies = [
 "neco-textview",
]

[[package]]
name = "neco-filetree"
version = "0.1.2"
dependencies = [
 "neco-pathrel",
]

[[package]]
name = "neco-pathrel"
version = "0.1.1"

[[package]]
name = "neco-textpatch"
version = "0.1.2"

[[package]]
name = "neco-textview"
version = "0.2.0"

[[package]]
name = "neco-watchnorm"
version = "0.1.1"
